Terraform used the selected providers to generate the following execution plan. Resource actions are indicated with
the following symbols:
  + create

Terraform will perform the following actions:

  # aws_ecs_cluster.cluster will be created
  + resource "aws_ecs_cluster" "cluster" {
      + arn      = (known after apply)
      + id       = (known after apply)
      + name     = "api-students-cluster"
      + region   = "us-east-1"
      + tags_all = (known after apply)

      + setting (known after apply)
    }

  # aws_ecs_service.service will be created
  + resource "aws_ecs_service" "service" {
      + arn                                = (known after apply)
      + availability_zone_rebalancing      = (known after apply)
      + cluster                            = (known after apply)
      + deployment_maximum_percent         = 200
      + deployment_minimum_healthy_percent = 100
      + desired_count                      = 1
      + enable_ecs_managed_tags            = false
      + enable_execute_command             = false
      + iam_role                           = (known after apply)
      + id                                 = (known after apply)
      + launch_type                        = "FARGATE"
      + name                               = "api-students-service"
      + platform_version                   = (known after apply)
      + region                             = "us-east-1"
      + scheduling_strategy                = "REPLICA"
      + tags_all                           = (known after apply)
      + task_definition                    = (known after apply)
      + triggers                           = (known after apply)
      + wait_for_steady_state              = false

      + deployment_configuration (known after apply)

      + load_balancer {
          + container_name   = "api-students"
          + container_port   = 8000
          + target_group_arn = (known after apply)
            # (1 unchanged attribute hidden)
        }

      + network_configuration {
          + assign_public_ip = true
          + security_groups  = [
              + "sg-09ce4ffb028b6bb1d",
            ]
          + subnets          = [
              + "subnet-01a4d886cb673b3ad",
              + "subnet-0587d39bd30583f10",
            ]
        }
    }

  # aws_ecs_task_definition.task will be created
  + resource "aws_ecs_task_definition" "task" {
      + arn                      = (known after apply)
      + arn_without_revision     = (known after apply)
      + container_definitions    = jsonencode(
            [
              + {
                  + essential    = true
                  + image        = "149521578179.dkr.ecr.us-east-1.amazonaws.com/api-students:latest"
                  + name         = "api-students"
                  + portMappings = [
                      + {
                          + containerPort = 8000
                          + protocol      = "tcp"
                        },
                    ]
                },
            ]
        )
      + cpu                      = "256"
      + enable_fault_injection   = (known after apply)
      + execution_role_arn       = "arn:aws:iam::149521578179:role/LabRole"
      + family                   = "api-students-task"
      + id                       = (known after apply)
      + memory                   = "512"
      + network_mode             = "awsvpc"
      + region                   = "us-east-1"
      + requires_compatibilities = [
          + "FARGATE",
        ]
      + revision                 = (known after apply)
      + skip_destroy             = false
      + tags_all                 = (known after apply)
      + task_role_arn            = "arn:aws:iam::149521578179:role/LabRole"
      + track_latest             = false
    }

  # aws_lb.alb will be created
  + resource "aws_lb" "alb" {
      + arn                                                          = (known after apply)
      + arn_suffix                                                   = (known after apply)
      + client_keep_alive                                            = 3600
      + desync_mitigation_mode                                       = "defensive"
      + dns_name                                                     = (known after apply)
      + drop_invalid_header_fields                                   = false
      + enable_deletion_protection                                   = false
      + enable_http2                                                 = true
      + enable_tls_version_and_cipher_suite_headers                  = false
      + enable_waf_fail_open                                         = false
      + enable_xff_client_port                                       = false
      + enable_zonal_shift                                           = false
      + enforce_security_group_inbound_rules_on_private_link_traffic = (known after apply)
      + id                                                           = (known after apply)
      + idle_timeout                                                 = 60
      + internal                                                     = false
      + ip_address_type                                              = (known after apply)
      + load_balancer_type                                           = "application"
      + name                                                         = "api-students-alb"
      + name_prefix                                                  = (known after apply)
      + preserve_host_header                                         = false
      + region                                                       = "us-east-1"
      + secondary_ips_auto_assigned_per_subnet                       = (known after apply)
      + security_groups                                              = (known after apply)
      + subnets                                                      = [
          + "subnet-01a4d886cb673b3ad",
          + "subnet-0587d39bd30583f10",
        ]
      + tags_all                                                     = (known after apply)
      + vpc_id                                                       = (known after apply)
      + xff_header_processing_mode                                   = "append"
      + zone_id                                                      = (known after apply)

      + subnet_mapping (known after apply)
    }

  # aws_lb_listener.listener will be created
  + resource "aws_lb_listener" "listener" {
      + arn                                                                   = (known after apply)
      + id                                                                    = (known after apply)
      + load_balancer_arn                                                     = (known after apply)
      + port                                                                  = 80
      + protocol                                                              = "HTTP"
      + region                                                                = "us-east-1"
      + routing_http_request_x_amzn_mtls_clientcert_header_name               = (known after apply)
      + routing_http_request_x_amzn_mtls_clientcert_issuer_header_name        = (known after apply)
      + routing_http_request_x_amzn_mtls_clientcert_leaf_header_name          = (known after apply)
      + routing_http_request_x_amzn_mtls_clientcert_serial_number_header_name = (known after apply)
      + routing_http_request_x_amzn_mtls_clientcert_subject_header_name       = (known after apply)
      + routing_http_request_x_amzn_mtls_clientcert_validity_header_name      = (known after apply)
      + routing_http_request_x_amzn_tls_cipher_suite_header_name              = (known after apply)
      + routing_http_request_x_amzn_tls_version_header_name                   = (known after apply)
      + routing_http_response_access_control_allow_credentials_header_value   = (known after apply)
      + routing_http_response_access_control_allow_headers_header_value       = (known after apply)
      + routing_http_response_access_control_allow_methods_header_value       = (known after apply)
      + routing_http_response_access_control_allow_origin_header_value        = (known after apply)
      + routing_http_response_access_control_expose_headers_header_value      = (known after apply)
      + routing_http_response_access_control_max_age_header_value             = (known after apply)
      + routing_http_response_content_security_policy_header_value            = (known after apply)
      + routing_http_response_server_enabled                                  = (known after apply)
      + routing_http_response_strict_transport_security_header_value          = (known after apply)
      + routing_http_response_x_content_type_options_header_value             = (known after apply)
      + routing_http_response_x_frame_options_header_value                    = (known after apply)
      + ssl_policy                                                            = (known after apply)
      + tags_all                                                              = (known after apply)
      + tcp_idle_timeout_seconds                                              = (known after apply)

      + default_action {
          + order            = (known after apply)
          + target_group_arn = (known after apply)
          + type             = "forward"
        }

      + mutual_authentication (known after apply)
    }

  # aws_lb_target_group.tg will be created
  + resource "aws_lb_target_group" "tg" {
      + arn                                = (known after apply)
      + arn_suffix                         = (known after apply)
      + connection_termination             = (known after apply)
      + deregistration_delay               = "300"
      + id                                 = (known after apply)
      + ip_address_type                    = (known after apply)
      + lambda_multi_value_headers_enabled = false
      + load_balancer_arns                 = (known after apply)
      + load_balancing_algorithm_type      = (known after apply)
      + load_balancing_anomaly_mitigation  = (known after apply)
      + load_balancing_cross_zone_enabled  = (known after apply)
      + name                               = "api-students-tg"
      + name_prefix                        = (known after apply)
      + port                               = 8000
      + preserve_client_ip                 = (known after apply)
      + protocol                           = "HTTP"
      + protocol_version                   = (known after apply)
      + proxy_protocol_v2                  = false
      + region                             = "us-east-1"
      + slow_start                         = 0
      + tags_all                           = (known after apply)
      + target_type                        = "ip"
      + vpc_id                             = "vpc-08ed223bfdfc22f50"

      + health_check {
          + enabled             = true
          + healthy_threshold   = 2
          + interval            = 30
          + matcher             = "200"
          + path                = "/"
          + port                = "traffic-port"
          + protocol            = "HTTP"
          + timeout             = 5
          + unhealthy_threshold = 2
        }

      + stickiness (known after apply)

      + target_failover (known after apply)

      + target_group_health (known after apply)

      + target_health_state (known after apply)
    }

Plan: 6 to add, 0 to change, 0 to destroy.

──────────────────────────────────────────────────────────────────────────────────────────────────────────────────── 

Note: You didn't use the -out option to save this plan, so Terraform can't guarantee to take exactly these actions   
if you run "terraform apply" now.